
Microsoft Visual Studio Solution File, Format Version 12.00
# Visual Studio 15
VisualStudioVersion = 15.0.27703.2000
MinimumVisualStudioVersion = 10.0.40219.1
Project("{FAE04EC0-301F-11D3-BF4B-00C04F79EFBC}") = "Sorting Algorithms EDU", "Sorting Algorithms EDU\Sorting Algorithms EDU.csproj", "{A144959A-72FD-444A-AD76-C5DDCEFF333E}"
EndProject
Project("{F184B08F-C81C-45F6-A57F-5ABD9991F28F}") = "Sorting Algorithms EDU VB", "Sorting Algorithms EDU VB\Sorting Algorithms EDU VB.vbproj", "{ADB7E7EA-668F-42C7-A318-FA2B157FDB42}"
EndProject
Global
	GlobalSection(SolutionConfigurationPlatforms) = preSolution
		Debug|Any CPU = Debug|Any CPU
		Release|Any CPU = Release|Any CPU
	EndGlobalSection
	GlobalSection(ProjectConfigurationPlatforms) = postSolution
		{A144959A-72FD-444A-AD76-C5DDCEFF333E}.Debug|Any CPU.ActiveCfg = Debug|Any CPU
		{A144959A-72FD-444A-AD76-C5DDCEFF333E}.Debug|Any CPU.Build.0 = Debug|Any CPU
		{A144959A-72FD-444A-AD76-C5DDCEFF333E}.Release|Any CPU.ActiveCfg = Release|Any CPU
		{A144959A-72FD-444A-AD76-C5DDCEFF333E}.Release|Any CPU.Build.0 = Release|Any CPU
		{ADB7E7EA-668F-42C7-A318-FA2B157FDB42}.Debug|Any CPU.ActiveCfg = Debug|Any CPU
		{ADB7E7EA-668F-42C7-A318-FA2B157FDB42}.Debug|Any CPU.Build.0 = Debug|Any CPU
		{ADB7E7EA-668F-42C7-A318-FA2B157FDB42}.Release|Any CPU.ActiveCfg = Release|Any CPU
		{ADB7E7EA-668F-42C7-A318-FA2B157FDB42}.Release|Any CPU.Build.0 = Release|Any CPU
	EndGlobalSection
	GlobalSection(SolutionProperties) = preSolution
		HideSolutionNode = FALSE
	EndGlobalSection
	GlobalSection(ExtensibilityGlobals) = postSolution
		SolutionGuid = {A56C0F14-0606-417D-8023-3416D8FB97BC}
	EndGlobalSection
EndGlobal
